Microsoft Visual Studio Solution File, Format Version 12.00
# Visual Studio Version 17
VisualStudioVersion = 17.5.2.0
MinimumVisualStudioVersion = 10.0.40219.1
Project("{FAE04EC0-301F-11D3-BF4B-00C04F79EFBC}") = "TrailerAutomationGateway", "TrailerAutomationGateway.csproj", "{FA67D963-4A21-425F-886B-45E2C1699529}"
EndProject
Global
	GlobalSection(SolutionConfigurationPlatforms) = preSolution
		Debug|Any CPU = Debug|Any CPU
		Release|Any CPU = Release|Any CPU
	EndGlobalSection
	GlobalSection(ProjectConfigurationPlatforms) = postSolution
		{FA67D963-4A21-425F-886B-45E2C1699529}.Debug|Any CPU.ActiveCfg = Debug|Any CPU
		{FA67D963-4A21-425F-886B-45E2C1699529}.Debug|Any CPU.Build.0 = Debug|Any CPU
		{FA67D963-4A21-425F-886B-45E2C1699529}.Release|Any CPU.ActiveCfg = Release|Any CPU
		{FA67D963-4A21-425F-886B-45E2C1699529}.Release|Any CPU.Build.0 = Release|Any CPU
	EndGlobalSection
	GlobalSection(SolutionProperties) = preSolution
		HideSolutionNode = FALSE
	EndGlobalSection
	GlobalSection(ExtensibilityGlobals) = postSolution
		SolutionGuid = {7664E171-F08D-4CBA-B3FD-9438C2B5A0B0}
	EndGlobalSection
EndGlobal
