<Solution>
  <Folder Name="/TrailerAutomationClientS3/">
    <File Path="TrailerAutomationClientS3/platformio.ini" />
	<File Path="TrailerAutomationClientS3\src\config.h" />
	<File Path="TrailerAutomationClientS3\src\main.cpp" />
  </Folder>
  <Folder Name="/TrailerAutomationClientPico/">
		<File Path="TrailerAutomationClientPico/main.py" />
  </Folder>
  <Folder Name="/TrailerAutomationClientPicoSDK/">
  </Folder>
  <Project Path="TrailerAutomationClientNet/TrailerAutomationClientNet.csproj" />
  <Project Path="TrailerAutomationGateway/TrailerAutomationGateway.csproj" />
</Solution>
